
Microsoft Visual Studio Solution File, Format Version 12.00
# Visual Studio 15
VisualStudioVersion = 15.0.27130.2010
MinimumVisualStudioVersion = 10.0.40219.1
Project("{FAE04EC0-301F-11D3-BF4B-00C04F79EFBC}") = "MenuReview.Android", "MenuReview\MenuReview.Android\MenuReview.Android.csproj", "{0D3DCFD6-E4F5-4C1C-BD09-082A69F34858}"
	ProjectSection(ProjectDependencies) = postProject
		{FB09B41C-178A-4E69-9B3F-4B1F616023A0} = {FB09B41C-178A-4E69-9B3F-4B1F616023A0}
	EndProjectSection
EndProject
Project("{FAE04EC0-301F-11D3-BF4B-00C04F79EFBC}") = "MenuReview.iOS", "MenuReview\MenuReview.iOS\MenuReview.iOS.csproj", "{64611A50-56A3-4881-AE10-FA30028F6A86}"
	ProjectSection(ProjectDependencies) = postProject
		{FB09B41C-178A-4E69-9B3F-4B1F616023A0} = {FB09B41C-178A-4E69-9B3F-4B1F616023A0}
	EndProjectSection
EndProject
Project("{FAE04EC0-301F-11D3-BF4B-00C04F79EFBC}") = "MenuReview.UWP", "MenuReview\MenuReview.UWP\MenuReview.UWP.csproj", "{8A4F4335-5DF2-435F-AC1B-EAF8C84D666E}"
	ProjectSection(ProjectDependencies) = postProject
		{FB09B41C-178A-4E69-9B3F-4B1F616023A0} = {FB09B41C-178A-4E69-9B3F-4B1F616023A0}
	EndProjectSection
EndProject
Project("{FAE04EC0-301F-11D3-BF4B-00C04F79EFBC}") = "MenuReviewPCL", "MenuReview\MenuReviewPCL\MenuReviewPCL.csproj", "{FB09B41C-178A-4E69-9B3F-4B1F616023A0}"
EndProject
Global
	GlobalSection(SolutionConfigurationPlatforms) = preSolution
		Ad-Hoc|Any CPU = Ad-Hoc|Any CPU
		Ad-Hoc|ARM = Ad-Hoc|ARM
		Ad-Hoc|iPhone = Ad-Hoc|iPhone
		Ad-Hoc|iPhoneSimulator = Ad-Hoc|iPhoneSimulator
		Ad-Hoc|x64 = Ad-Hoc|x64
		Ad-Hoc|x86 = Ad-Hoc|x86
		AppStore|Any CPU = AppStore|Any CPU
		AppStore|ARM = AppStore|ARM
		AppStore|iPhone = AppStore|iPhone
		AppStore|iPhoneSimulator = AppStore|iPhoneSimulator
		AppStore|x64 = AppStore|x64
		AppStore|x86 = AppStore|x86
		Debug|Any CPU = Debug|Any CPU
		Debug|ARM = Debug|ARM
		Debug|iPhone = Debug|iPhone
		Debug|iPhoneSimulator = Debug|iPhoneSimulator
		Debug|x64 = Debug|x64
		Debug|x86 = Debug|x86
		Release|Any CPU = Release|Any CPU
		Release|ARM = Release|ARM
		Release|iPhone = Release|iPhone
		Release|iPhoneSimulator = Release|iPhoneSimulator
		Release|x64 = Release|x64
		Release|x86 = Release|x86
	EndGlobalSection
	GlobalSection(ProjectConfigurationPlatforms) = postSolution
		{0D3DCFD6-E4F5-4C1C-BD09-082A69F34858}.Ad-Hoc|Any CPU.ActiveCfg = Release|Any CPU
		{0D3DCFD6-E4F5-4C1C-BD09-082A69F34858}.Ad-Hoc|Any CPU.Build.0 = Release|Any CPU
		{0D3DCFD6-E4F5-4C1C-BD09-082A69F34858}.Ad-Hoc|Any CPU.Deploy.0 = Release|Any CPU
		{0D3DCFD6-E4F5-4C1C-BD09-082A69F34858}.Ad-Hoc|ARM.ActiveCfg = Release|Any CPU
		{0D3DCFD6-E4F5-4C1C-BD09-082A69F34858}.Ad-Hoc|ARM.Build.0 = Release|Any CPU
		{0D3DCFD6-E4F5-4C1C-BD09-082A69F34858}.Ad-Hoc|ARM.Deploy.0 = Release|Any CPU
		{0D3DCFD6-E4F5-4C1C-BD09-082A69F34858}.Ad-Hoc|iPhone.ActiveCfg = Release|Any CPU
		{0D3DCFD6-E4F5-4C1C-BD09-082A69F34858}.Ad-Hoc|iPhone.Build.0 = Release|Any CPU
		{0D3DCFD6-E4F5-4C1C-BD09-082A69F34858}.Ad-Hoc|iPhone.Deploy.0 = Release|Any CPU
		{0D3DCFD6-E4F5-4C1C-BD09-082A69F34858}.Ad-Hoc|iPhoneSimulator.ActiveCfg = Release|Any CPU
		{0D3DCFD6-E4F5-4C1C-BD09-082A69F34858}.Ad-Hoc|iPhoneSimulator.Build.0 = Release|Any CPU
		{0D3DCFD6-E4F5-4C1C-BD09-082A69F34858}.Ad-Hoc|iPhoneSimulator.Deploy.0 = Release|Any CPU
		{0D3DCFD6-E4F5-4C1C-BD09-082A69F34858}.Ad-Hoc|x64.ActiveCfg = Release|Any CPU
		{0D3DCFD6-E4F5-4C1C-BD09-082A69F34858}.Ad-Hoc|x64.Build.0 = Release|Any CPU
		{0D3DCFD6-E4F5-4C1C-BD09-082A69F34858}.Ad-Hoc|x64.Deploy.0 = Release|Any CPU
		{0D3DCFD6-E4F5-4C1C-BD09-082A69F34858}.Ad-Hoc|x86.ActiveCfg = Release|Any CPU
		{0D3DCFD6-E4F5-4C1C-BD09-082A69F34858}.Ad-Hoc|x86.Build.0 = Release|Any CPU
		{0D3DCFD6-E4F5-4C1C-BD09-082A69F34858}.Ad-Hoc|x86.Deploy.0 = Release|Any CPU
		{0D3DCFD6-E4F5-4C1C-BD09-082A69F34858}.AppStore|Any CPU.ActiveCfg = Release|Any CPU
		{0D3DCFD6-E4F5-4C1C-BD09-082A69F34858}.AppStore|Any CPU.Build.0 = Release|Any CPU
		{0D3DCFD6-E4F5-4C1C-BD09-082A69F34858}.AppStore|Any CPU.Deploy.0 = Release|Any CPU
		{0D3DCFD6-E4F5-4C1C-BD09-082A69F34858}.AppStore|ARM.ActiveCfg = Release|Any CPU
		{0D3DCFD6-E4F5-4C1C-BD09-082A69F34858}.AppStore|ARM.Build.0 = Release|Any CPU
		{0D3DCFD6-E4F5-4C1C-BD09-082A69F34858}.AppStore|ARM.Deploy.0 = Release|Any CPU
		{0D3DCFD6-E4F5-4C1C-BD09-082A69F34858}.AppStore|iPhone.ActiveCfg = Release|Any CPU
		{0D3DCFD6-E4F5-4C1C-BD09-082A69F34858}.AppStore|iPhone.Build.0 = Release|Any CPU
		{0D3DCFD6-E4F5-4C1C-BD09-082A69F34858}.AppStore|iPhone.Deploy.0 = Release|Any CPU
		{0D3DCFD6-E4F5-4C1C-BD09-082A69F34858}.AppStore|iPhoneSimulator.ActiveCfg = Release|Any CPU
		{0D3DCFD6-E4F5-4C1C-BD09-082A69F34858}.AppStore|iPhoneSimulator.Build.0 = Release|Any CPU
		{0D3DCFD6-E4F5-4C1C-BD09-082A69F34858}.AppStore|iPhoneSimulator.Deploy.0 = Release|Any CPU
		{0D3DCFD6-E4F5-4C1C-BD09-082A69F34858}.AppStore|x64.ActiveCfg = Release|Any CPU
		{0D3DCFD6-E4F5-4C1C-BD09-082A69F34858}.AppStore|x64.Build.0 = Release|Any CPU
		{0D3DCFD6-E4F5-4C1C-BD09-082A69F34858}.AppStore|x64.Deploy.0 = Release|Any CPU
		{0D3DCFD6-E4F5-4C1C-BD09-082A69F34858}.AppStore|x86.ActiveCfg = Release|Any CPU
		{0D3DCFD6-E4F5-4C1C-BD09-082A69F34858}.AppStore|x86.Build.0 = Release|Any CPU
		{0D3DCFD6-E4F5-4C1C-BD09-082A69F34858}.AppStore|x86.Deploy.0 = Release|Any CPU
		{0D3DCFD6-E4F5-4C1C-BD09-082A69F34858}.Debug|Any CPU.ActiveCfg = Debug|Any CPU
		{0D3DCFD6-E4F5-4C1C-BD09-082A69F34858}.Debug|Any CPU.Build.0 = Debug|Any CPU
		{0D3DCFD6-E4F5-4C1C-BD09-082A69F34858}.Debug|Any CPU.Deploy.0 = Debug|Any CPU
		{0D3DCFD6-E4F5-4C1C-BD09-082A69F34858}.Debug|ARM.ActiveCfg = Debug|Any CPU
		{0D3DCFD6-E4F5-4C1C-BD09-082A69F34858}.Debug|ARM.Build.0 = Debug|Any CPU
		{0D3DCFD6-E4F5-4C1C-BD09-082A69F34858}.Debug|ARM.Deploy.0 = Debug|Any CPU
		{0D3DCFD6-E4F5-4C1C-BD09-082A69F34858}.Debug|iPhone.ActiveCfg = Debug|Any CPU
		{0D3DCFD6-E4F5-4C1C-BD09-082A69F34858}.Debug|iPhone.Build.0 = Debug|Any CPU
		{0D3DCFD6-E4F5-4C1C-BD09-082A69F34858}.Debug|iPhone.Deploy.0 = Debug|Any CPU
		{0D3DCFD6-E4F5-4C1C-BD09-082A69F34858}.Debug|iPhoneSimulator.ActiveCfg = Debug|Any CPU
		{0D3DCFD6-E4F5-4C1C-BD09-082A69F34858}.Debug|iPhoneSimulator.Build.0 = Debug|Any CPU
		{0D3DCFD6-E4F5-4C1C-BD09-082A69F34858}.Debug|iPhoneSimulator.Deploy.0 = Debug|Any CPU
		{0D3DCFD6-E4F5-4C1C-BD09-082A69F34858}.Debug|x64.ActiveCfg = Debug|Any CPU
		{0D3DCFD6-E4F5-4C1C-BD09-082A69F34858}.Debug|x64.Build.0 = Debug|Any CPU
		{0D3DCFD6-E4F5-4C1C-BD09-082A69F34858}.Debug|x64.Deploy.0 = Debug|Any CPU
		{0D3DCFD6-E4F5-4C1C-BD09-082A69F34858}.Debug|x86.ActiveCfg = Debug|Any CPU
		{0D3DCFD6-E4F5-4C1C-BD09-082A69F34858}.Debug|x86.Build.0 = Debug|Any CPU
		{0D3DCFD6-E4F5-4C1C-BD09-082A69F34858}.Debug|x86.Deploy.0 = Debug|Any CPU
		{0D3DCFD6-E4F5-4C1C-BD09-082A69F34858}.Release|Any CPU.ActiveCfg = Release|Any CPU
		{0D3DCFD6-E4F5-4C1C-BD09-082A69F34858}.Release|Any CPU.Build.0 = Release|Any CPU
		{0D3DCFD6-E4F5-4C1C-BD09-082A69F34858}.Release|Any CPU.Deploy.0 = Release|Any CPU
		{0D3DCFD6-E4F5-4C1C-BD09-082A69F34858}.Release|ARM.ActiveCfg = Release|Any CPU
		{0D3DCFD6-E4F5-4C1C-BD09-082A69F34858}.Release|ARM.Build.0 = Release|Any CPU
		{0D3DCFD6-E4F5-4C1C-BD09-082A69F34858}.Release|ARM.Deploy.0 = Release|Any CPU
		{0D3DCFD6-E4F5-4C1C-BD09-082A69F34858}.Release|iPhone.ActiveCfg = Release|Any CPU
		{0D3DCFD6-E4F5-4C1C-BD09-082A69F34858}.Release|iPhone.Build.0 = Release|Any CPU
		{0D3DCFD6-E4F5-4C1C-BD09-082A69F34858}.Release|iPhone.Deploy.0 = Release|Any CPU
		{0D3DCFD6-E4F5-4C1C-BD09-082A69F34858}.Release|iPhoneSimulator.ActiveCfg = Release|Any CPU
		{0D3DCFD6-E4F5-4C1C-BD09-082A69F34858}.Release|iPhoneSimulator.Build.0 = Release|Any CPU
		{0D3DCFD6-E4F5-4C1C-BD09-082A69F34858}.Release|iPhoneSimulator.Deploy.0 = Release|Any CPU
		{0D3DCFD6-E4F5-4C1C-BD09-082A69F34858}.Release|x64.ActiveCfg = Release|Any CPU
		{0D3DCFD6-E4F5-4C1C-BD09-082A69F34858}.Release|x64.Build.0 = Release|Any CPU
		{0D3DCFD6-E4F5-4C1C-BD09-082A69F34858}.Release|x64.Deploy.0 = Release|Any CPU
		{0D3DCFD6-E4F5-4C1C-BD09-082A69F34858}.Release|x86.ActiveCfg = Release|Any CPU
		{0D3DCFD6-E4F5-4C1C-BD09-082A69F34858}.Release|x86.Build.0 = Release|Any CPU
		{0D3DCFD6-E4F5-4C1C-BD09-082A69F34858}.Release|x86.Deploy.0 = Release|Any CPU
		{64611A50-56A3-4881-AE10-FA30028F6A86}.Ad-Hoc|Any CPU.ActiveCfg = Ad-Hoc|iPhone
		{64611A50-56A3-4881-AE10-FA30028F6A86}.Ad-Hoc|ARM.ActiveCfg = Ad-Hoc|iPhone
		{64611A50-56A3-4881-AE10-FA30028F6A86}.Ad-Hoc|iPhone.ActiveCfg = Ad-Hoc|iPhone
		{64611A50-56A3-4881-AE10-FA30028F6A86}.Ad-Hoc|iPhone.Build.0 = Ad-Hoc|iPhone
		{64611A50-56A3-4881-AE10-FA30028F6A86}.Ad-Hoc|iPhoneSimulator.ActiveCfg = Ad-Hoc|iPhoneSimulator
		{64611A50-56A3-4881-AE10-FA30028F6A86}.Ad-Hoc|iPhoneSimulator.Build.0 = Ad-Hoc|iPhoneSimulator
		{64611A50-56A3-4881-AE10-FA30028F6A86}.Ad-Hoc|x64.ActiveCfg = Ad-Hoc|iPhone
		{64611A50-56A3-4881-AE10-FA30028F6A86}.Ad-Hoc|x86.ActiveCfg = Ad-Hoc|iPhone
		{64611A50-56A3-4881-AE10-FA30028F6A86}.AppStore|Any CPU.ActiveCfg = AppStore|iPhone
		{64611A50-56A3-4881-AE10-FA30028F6A86}.AppStore|ARM.ActiveCfg = AppStore|iPhone
		{64611A50-56A3-4881-AE10-FA30028F6A86}.AppStore|iPhone.ActiveCfg = AppStore|iPhone
		{64611A50-56A3-4881-AE10-FA30028F6A86}.AppStore|iPhone.Build.0 = AppStore|iPhone
		{64611A50-56A3-4881-AE10-FA30028F6A86}.AppStore|iPhoneSimulator.ActiveCfg = AppStore|iPhoneSimulator
		{64611A50-56A3-4881-AE10-FA30028F6A86}.AppStore|iPhoneSimulator.Build.0 = AppStore|iPhoneSimulator
		{64611A50-56A3-4881-AE10-FA30028F6A86}.AppStore|x64.ActiveCfg = AppStore|iPhone
		{64611A50-56A3-4881-AE10-FA30028F6A86}.AppStore|x86.ActiveCfg = AppStore|iPhone
		{64611A50-56A3-4881-AE10-FA30028F6A86}.Debug|Any CPU.ActiveCfg = Debug|iPhone
		{64611A50-56A3-4881-AE10-FA30028F6A86}.Debug|ARM.ActiveCfg = Debug|iPhone
		{64611A50-56A3-4881-AE10-FA30028F6A86}.Debug|iPhone.ActiveCfg = Debug|iPhone
		{64611A50-56A3-4881-AE10-FA30028F6A86}.Debug|iPhone.Build.0 = Debug|iPhone
		{64611A50-56A3-4881-AE10-FA30028F6A86}.Debug|iPhoneSimulator.ActiveCfg = Debug|iPhoneSimulator
		{64611A50-56A3-4881-AE10-FA30028F6A86}.Debug|iPhoneSimulator.Build.0 = Debug|iPhoneSimulator
		{64611A50-56A3-4881-AE10-FA30028F6A86}.Debug|x64.ActiveCfg = Debug|iPhone
		{64611A50-56A3-4881-AE10-FA30028F6A86}.Debug|x86.ActiveCfg = Debug|iPhone
		{64611A50-56A3-4881-AE10-FA30028F6A86}.Release|Any CPU.ActiveCfg = Release|iPhone
		{64611A50-56A3-4881-AE10-FA30028F6A86}.Release|ARM.ActiveCfg = Release|iPhone
		{64611A50-56A3-4881-AE10-FA30028F6A86}.Release|iPhone.ActiveCfg = Release|iPhone
		{64611A50-56A3-4881-AE10-FA30028F6A86}.Release|iPhone.Build.0 = Release|iPhone
		{64611A50-56A3-4881-AE10-FA30028F6A86}.Release|iPhoneSimulator.ActiveCfg = Release|iPhoneSimulator
		{64611A50-56A3-4881-AE10-FA30028F6A86}.Release|iPhoneSimulator.Build.0 = Release|iPhoneSimulator
		{64611A50-56A3-4881-AE10-FA30028F6A86}.Release|x64.ActiveCfg = Release|iPhone
		{64611A50-56A3-4881-AE10-FA30028F6A86}.Release|x86.ActiveCfg = Release|iPhone
		{8A4F4335-5DF2-435F-AC1B-EAF8C84D666E}.Ad-Hoc|Any CPU.ActiveCfg = Release|x86
		{8A4F4335-5DF2-435F-AC1B-EAF8C84D666E}.Ad-Hoc|Any CPU.Build.0 = Release|x86
		{8A4F4335-5DF2-435F-AC1B-EAF8C84D666E}.Ad-Hoc|Any CPU.Deploy.0 = Release|x86
		{8A4F4335-5DF2-435F-AC1B-EAF8C84D666E}.Ad-Hoc|ARM.ActiveCfg = Release|ARM
		{8A4F4335-5DF2-435F-AC1B-EAF8C84D666E}.Ad-Hoc|ARM.Build.0 = Release|ARM
		{8A4F4335-5DF2-435F-AC1B-EAF8C84D666E}.Ad-Hoc|ARM.Deploy.0 = Release|ARM
		{8A4F4335-5DF2-435F-AC1B-EAF8C84D666E}.Ad-Hoc|iPhone.ActiveCfg = Release|x86
		{8A4F4335-5DF2-435F-AC1B-EAF8C84D666E}.Ad-Hoc|iPhone.Build.0 = Release|x86
		{8A4F4335-5DF2-435F-AC1B-EAF8C84D666E}.Ad-Hoc|iPhone.Deploy.0 = Release|x86
		{8A4F4335-5DF2-435F-AC1B-EAF8C84D666E}.Ad-Hoc|iPhoneSimulator.ActiveCfg = Release|x86
		{8A4F4335-5DF2-435F-AC1B-EAF8C84D666E}.Ad-Hoc|iPhoneSimulator.Build.0 = Release|x86
		{8A4F4335-5DF2-435F-AC1B-EAF8C84D666E}.Ad-Hoc|iPhoneSimulator.Deploy.0 = Release|x86
		{8A4F4335-5DF2-435F-AC1B-EAF8C84D666E}.Ad-Hoc|x64.ActiveCfg = Release|x64
		{8A4F4335-5DF2-435F-AC1B-EAF8C84D666E}.Ad-Hoc|x64.Build.0 = Release|x64
		{8A4F4335-5DF2-435F-AC1B-EAF8C84D666E}.Ad-Hoc|x64.Deploy.0 = Release|x64
		{8A4F4335-5DF2-435F-AC1B-EAF8C84D666E}.Ad-Hoc|x86.ActiveCfg = Release|x86
		{8A4F4335-5DF2-435F-AC1B-EAF8C84D666E}.Ad-Hoc|x86.Build.0 = Release|x86
		{8A4F4335-5DF2-435F-AC1B-EAF8C84D666E}.Ad-Hoc|x86.Deploy.0 = Release|x86
		{8A4F4335-5DF2-435F-AC1B-EAF8C84D666E}.AppStore|Any CPU.ActiveCfg = Release|x86
		{8A4F4335-5DF2-435F-AC1B-EAF8C84D666E}.AppStore|Any CPU.Build.0 = Release|x86
		{8A4F4335-5DF2-435F-AC1B-EAF8C84D666E}.AppStore|Any CPU.Deploy.0 = Release|x86
		{8A4F4335-5DF2-435F-AC1B-EAF8C84D666E}.AppStore|ARM.ActiveCfg = Release|ARM
		{8A4F4335-5DF2-435F-AC1B-EAF8C84D666E}.AppStore|ARM.Build.0 = Release|ARM
		{8A4F4335-5DF2-435F-AC1B-EAF8C84D666E}.AppStore|ARM.Deploy.0 = Release|ARM
		{8A4F4335-5DF2-435F-AC1B-EAF8C84D666E}.AppStore|iPhone.ActiveCfg = Release|x86
		{8A4F4335-5DF2-435F-AC1B-EAF8C84D666E}.AppStore|iPhone.Build.0 = Release|x86
		{8A4F4335-5DF2-435F-AC1B-EAF8C84D666E}.AppStore|iPhone.Deploy.0 = Release|x86
		{8A4F4335-5DF2-435F-AC1B-EAF8C84D666E}.AppStore|iPhoneSimulator.ActiveCfg = Release|x86
		{8A4F4335-5DF2-435F-AC1B-EAF8C84D666E}.AppStore|iPhoneSimulator.Build.0 = Release|x86
		{8A4F4335-5DF2-435F-AC1B-EAF8C84D666E}.AppStore|iPhoneSimulator.Deploy.0 = Release|x86
		{8A4F4335-5DF2-435F-AC1B-EAF8C84D666E}.AppStore|x64.ActiveCfg = Release|x64
		{8A4F4335-5DF2-435F-AC1B-EAF8C84D666E}.AppStore|x64.Build.0 = Release|x64
		{8A4F4335-5DF2-435F-AC1B-EAF8C84D666E}.AppStore|x64.Deploy.0 = Release|x64
		{8A4F4335-5DF2-435F-AC1B-EAF8C84D666E}.AppStore|x86.ActiveCfg = Release|x86
		{8A4F4335-5DF2-435F-AC1B-EAF8C84D666E}.AppStore|x86.Build.0 = Release|x86
		{8A4F4335-5DF2-435F-AC1B-EAF8C84D666E}.AppStore|x86.Deploy.0 = Release|x86
		{8A4F4335-5DF2-435F-AC1B-EAF8C84D666E}.Debug|Any CPU.ActiveCfg = Debug|x86
		{8A4F4335-5DF2-435F-AC1B-EAF8C84D666E}.Debug|ARM.ActiveCfg = Debug|ARM
		{8A4F4335-5DF2-435F-AC1B-EAF8C84D666E}.Debug|ARM.Build.0 = Debug|ARM
		{8A4F4335-5DF2-435F-AC1B-EAF8C84D666E}.Debug|ARM.Deploy.0 = Debug|ARM
		{8A4F4335-5DF2-435F-AC1B-EAF8C84D666E}.Debug|iPhone.ActiveCfg = Debug|x86
		{8A4F4335-5DF2-435F-AC1B-EAF8C84D666E}.Debug|iPhoneSimulator.ActiveCfg = Debug|x86
		{8A4F4335-5DF2-435F-AC1B-EAF8C84D666E}.Debug|x64.ActiveCfg = Debug|x64
		{8A4F4335-5DF2-435F-AC1B-EAF8C84D666E}.Debug|x64.Build.0 = Debug|x64
		{8A4F4335-5DF2-435F-AC1B-EAF8C84D666E}.Debug|x64.Deploy.0 = Debug|x64
		{8A4F4335-5DF2-435F-AC1B-EAF8C84D666E}.Debug|x86.ActiveCfg = Debug|x86
		{8A4F4335-5DF2-435F-AC1B-EAF8C84D666E}.Debug|x86.Build.0 = Debug|x86
		{8A4F4335-5DF2-435F-AC1B-EAF8C84D666E}.Debug|x86.Deploy.0 = Debug|x86
		{8A4F4335-5DF2-435F-AC1B-EAF8C84D666E}.Release|Any CPU.ActiveCfg = Release|x86
		{8A4F4335-5DF2-435F-AC1B-EAF8C84D666E}.Release|ARM.ActiveCfg = Release|ARM
		{8A4F4335-5DF2-435F-AC1B-EAF8C84D666E}.Release|ARM.Build.0 = Release|ARM
		{8A4F4335-5DF2-435F-AC1B-EAF8C84D666E}.Release|ARM.Deploy.0 = Release|ARM
		{8A4F4335-5DF2-435F-AC1B-EAF8C84D666E}.Release|iPhone.ActiveCfg = Release|x86
		{8A4F4335-5DF2-435F-AC1B-EAF8C84D666E}.Release|iPhoneSimulator.ActiveCfg = Release|x86
		{8A4F4335-5DF2-435F-AC1B-EAF8C84D666E}.Release|x64.ActiveCfg = Release|x64
		{8A4F4335-5DF2-435F-AC1B-EAF8C84D666E}.Release|x64.Build.0 = Release|x64
		{8A4F4335-5DF2-435F-AC1B-EAF8C84D666E}.Release|x64.Deploy.0 = Release|x64
		{8A4F4335-5DF2-435F-AC1B-EAF8C84D666E}.Release|x86.ActiveCfg = Release|x86
		{8A4F4335-5DF2-435F-AC1B-EAF8C84D666E}.Release|x86.Build.0 = Release|x86
		{8A4F4335-5DF2-435F-AC1B-EAF8C84D666E}.Release|x86.Deploy.0 = Release|x86
		{FB09B41C-178A-4E69-9B3F-4B1F616023A0}.Ad-Hoc|Any CPU.ActiveCfg = Release|Any CPU
		{FB09B41C-178A-4E69-9B3F-4B1F616023A0}.Ad-Hoc|Any CPU.Build.0 = Release|Any CPU
		{FB09B41C-178A-4E69-9B3F-4B1F616023A0}.Ad-Hoc|ARM.ActiveCfg = Release|Any CPU
		{FB09B41C-178A-4E69-9B3F-4B1F616023A0}.Ad-Hoc|ARM.Build.0 = Release|Any CPU
		{FB09B41C-178A-4E69-9B3F-4B1F616023A0}.Ad-Hoc|iPhone.ActiveCfg = Release|Any CPU
		{FB09B41C-178A-4E69-9B3F-4B1F616023A0}.Ad-Hoc|iPhone.Build.0 = Release|Any CPU
		{FB09B41C-178A-4E69-9B3F-4B1F616023A0}.Ad-Hoc|iPhoneSimulator.ActiveCfg = Release|Any CPU
		{FB09B41C-178A-4E69-9B3F-4B1F616023A0}.Ad-Hoc|iPhoneSimulator.Build.0 = Release|Any CPU
		{FB09B41C-178A-4E69-9B3F-4B1F616023A0}.Ad-Hoc|x64.ActiveCfg = Release|Any CPU
		{FB09B41C-178A-4E69-9B3F-4B1F616023A0}.Ad-Hoc|x64.Build.0 = Release|Any CPU
		{FB09B41C-178A-4E69-9B3F-4B1F616023A0}.Ad-Hoc|x86.ActiveCfg = Release|Any CPU
		{FB09B41C-178A-4E69-9B3F-4B1F616023A0}.Ad-Hoc|x86.Build.0 = Release|Any CPU
		{FB09B41C-178A-4E69-9B3F-4B1F616023A0}.AppStore|Any CPU.ActiveCfg = Release|Any CPU
		{FB09B41C-178A-4E69-9B3F-4B1F616023A0}.AppStore|Any CPU.Build.0 = Release|Any CPU
		{FB09B41C-178A-4E69-9B3F-4B1F616023A0}.AppStore|ARM.ActiveCfg = Release|Any CPU
		{FB09B41C-178A-4E69-9B3F-4B1F616023A0}.AppStore|ARM.Build.0 = Release|Any CPU
		{FB09B41C-178A-4E69-9B3F-4B1F616023A0}.AppStore|iPhone.ActiveCfg = Release|Any CPU
		{FB09B41C-178A-4E69-9B3F-4B1F616023A0}.AppStore|iPhone.Build.0 = Release|Any CPU
		{FB09B41C-178A-4E69-9B3F-4B1F616023A0}.AppStore|iPhoneSimulator.ActiveCfg = Release|Any CPU
		{FB09B41C-178A-4E69-9B3F-4B1F616023A0}.AppStore|iPhoneSimulator.Build.0 = Release|Any CPU
		{FB09B41C-178A-4E69-9B3F-4B1F616023A0}.AppStore|x64.ActiveCfg = Release|Any CPU
		{FB09B41C-178A-4E69-9B3F-4B1F616023A0}.AppStore|x64.Build.0 = Release|Any CPU
		{FB09B41C-178A-4E69-9B3F-4B1F616023A0}.AppStore|x86.ActiveCfg = Release|Any CPU
		{FB09B41C-178A-4E69-9B3F-4B1F616023A0}.AppStore|x86.Build.0 = Release|Any CPU
		{FB09B41C-178A-4E69-9B3F-4B1F616023A0}.Debug|Any CPU.ActiveCfg = Debug|Any CPU
		{FB09B41C-178A-4E69-9B3F-4B1F616023A0}.Debug|Any CPU.Build.0 = Debug|Any CPU
		{FB09B41C-178A-4E69-9B3F-4B1F616023A0}.Debug|ARM.ActiveCfg = Debug|Any CPU
		{FB09B41C-178A-4E69-9B3F-4B1F616023A0}.Debug|ARM.Build.0 = Debug|Any CPU
		{FB09B41C-178A-4E69-9B3F-4B1F616023A0}.Debug|iPhone.ActiveCfg = Debug|Any CPU
		{FB09B41C-178A-4E69-9B3F-4B1F616023A0}.Debug|iPhone.Build.0 = Debug|Any CPU
		{FB09B41C-178A-4E69-9B3F-4B1F616023A0}.Debug|iPhoneSimulator.ActiveCfg = Debug|Any CPU
		{FB09B41C-178A-4E69-9B3F-4B1F616023A0}.Debug|iPhoneSimulator.Build.0 = Debug|Any CPU
		{FB09B41C-178A-4E69-9B3F-4B1F616023A0}.Debug|x64.ActiveCfg = Debug|Any CPU
		{FB09B41C-178A-4E69-9B3F-4B1F616023A0}.Debug|x64.Build.0 = Debug|Any CPU
		{FB09B41C-178A-4E69-9B3F-4B1F616023A0}.Debug|x86.ActiveCfg = Debug|Any CPU
		{FB09B41C-178A-4E69-9B3F-4B1F616023A0}.Debug|x86.Build.0 = Debug|Any CPU
		{FB09B41C-178A-4E69-9B3F-4B1F616023A0}.Release|Any CPU.ActiveCfg = Release|Any CPU
		{FB09B41C-178A-4E69-9B3F-4B1F616023A0}.Release|Any CPU.Build.0 = Release|Any CPU
		{FB09B41C-178A-4E69-9B3F-4B1F616023A0}.Release|ARM.ActiveCfg = Release|Any CPU
		{FB09B41C-178A-4E69-9B3F-4B1F616023A0}.Release|ARM.Build.0 = Release|Any CPU
		{FB09B41C-178A-4E69-9B3F-4B1F616023A0}.Release|iPhone.ActiveCfg = Release|Any CPU
		{FB09B41C-178A-4E69-9B3F-4B1F616023A0}.Release|iPhone.Build.0 = Release|Any CPU
		{FB09B41C-178A-4E69-9B3F-4B1F616023A0}.Release|iPhoneSimulator.ActiveCfg = Release|Any CPU
		{FB09B41C-178A-4E69-9B3F-4B1F616023A0}.Release|iPhoneSimulator.Build.0 = Release|Any CPU
		{FB09B41C-178A-4E69-9B3F-4B1F616023A0}.Release|x64.ActiveCfg = Release|Any CPU
		{FB09B41C-178A-4E69-9B3F-4B1F616023A0}.Release|x64.Build.0 = Release|Any CPU
		{FB09B41C-178A-4E69-9B3F-4B1F616023A0}.Release|x86.ActiveCfg = Release|Any CPU
		{FB09B41C-178A-4E69-9B3F-4B1F616023A0}.Release|x86.Build.0 = Release|Any CPU
	EndGlobalSection
	GlobalSection(SolutionProperties) = preSolution
		HideSolutionNode = FALSE
	EndGlobalSection
	GlobalSection(ExtensibilityGlobals) = postSolution
		SolutionGuid = {1616E4FB-361B-4C25-B147-0B87BA02B6A5}
	EndGlobalSection
EndGlobal
